// !$*UTF8*$!
{
	archiveVersion = 1;
	classes = {
	};
	objectVersion = 46;
	objects = {

/* Begin PBXBuildFile section */
		FAEFA9971F54B67D00733D06 /* AppDelegate.swift in Sources */ = {isa = PBXBuildFile; fileRef = FAEFA9961F54B67D00733D06 /* AppDelegate.swift */; };
		FAEFA9991F54B67D00733D06 /* ViewController.swift in Sources */ = {isa = PBXBuildFile; fileRef = FAEFA9981F54B67D00733D06 /* ViewController.swift */; };
		FAEFA99C1F54B67D00733D06 /* Main.storyboard in Resources */ = {isa = PBXBuildFile; fileRef = FAEFA99A1F54B67D00733D06 /* Main.storyboard */; };
		FAEFA99E1F54B67D00733D06 /* Assets.xcassets in Resources */ = {isa = PBXBuildFile; fileRef = FAEFA99D1F54B67D00733D06 /* Assets.xcassets */; };
		FAEFA9A11F54B67D00733D06 /* LaunchScreen.storyboard in Resources */ = {isa = PBXBuildFile; fileRef = FAEFA99F1F54B67D00733D06 /* LaunchScreen.storyboard */; };
/* End PBXBuildFile section */

/* Begin PBXFileReference section */
		FAEFA9931F54B67D00733D06 /* destroyTheWorld.app */ = {isa = PBXFileReference; explicitFileType = wrapper.application; includeInIndex = 0; path = destroyTheWorld.app; sourceTree = BUILT_PRODUCTS_DIR; };
		FAEFA9961F54B67D00733D06 /* AppDelegate.swift */ = {isa = PBXFileReference; lastKnownFileType = sourcecode.swift; path = AppDelegate.swift; sourceTree = "<group>"; };
		FAEFA9981F54B67D00733D06 /* ViewController.swift */ = {isa = PBXFileReference; lastKnownFileType = sourcecode.swift; path = ViewController.swift; sourceTree = "<group>"; };
		FAEFA99B1F54B67D00733D06 /* Base */ = {isa = PBXFileReference; lastKnownFileType = file.storyboard; name = Base; path = Base.lproj/Main.storyboard; sourceTree = "<group>"; };
		FAEFA99D1F54B67D00733D06 /* Assets.xcassets */ = {isa = PBXFileReference; lastKnownFileType = folder.assetcatalog; path = Assets.xcassets; sourceTree = "<group>"; };
		FAEFA9A01F54B67D00733D06 /* Base */ = {isa = PBXFileReference; lastKnownFileType = file.storyboard; name = Base; path = Base.lproj/LaunchScreen.storyboard; sourceTree = "<group>"; };
		FAEFA9A21F54B67D00733D06 /* Info.plist */ = {isa = PBXFileReference; lastKnownFileType = text.plist.xml; path = Info.plist; sourceTree = "<group>"; };
/* End PBXFileReference section */

/* Begin PBXFrameworksBuildPhase section */
		FAEFA9901F54B67C00733D06 /* Frameworks */ = {
			isa = PBXFrameworksBuildPhase;
			buildActionMask = 2147483647;
			files = (
			);
			runOnlyForDeploymentPostprocessing = 0;
		};
/* End PBXFrameworksBuildPhase section */

/* Begin PBXGroup section */
		FAEFA98A1F54B67C00733D06 = {
			isa = PBXGroup;
			children = (
				FAEFA9951F54B67D00733D06 /* destroyTheWorld */,
				FAEFA9941F54B67D00733D06 /* Products */,
			);
			sourceTree = "<group>";
		};
		FAEFA9941F54B67D00733D06 /* Products */ = {
			isa = PBXGroup;
			children = (
				FAEFA9931F54B67D00733D06 /* destroyTheWorld.app */,
			);
			name = Products;
			sourceTree = "<group>";
		};
		FAEFA9951F54B67D00733D06 /* destroyTheWorld */ = {
			isa = PBXGroup;
			children = (
				FAEFA9961F54B67D00733D06 /* AppDelegate.swift */,
				FAEFA9981F54B67D00733D06 /* ViewController.swift */,
				FAEFA99A1F54B67D00733D06 /* Main.storyboard */,
				FAEFA99D1F54B67D00733D06 /* Assets.xcassets */,
				FAEFA99F1F54B67D00733D06 /* LaunchScreen.storyboard */,
				FAEFA9A21F54B67D00733D06 /* Info.plist */,
			);
			path = destroyTheWorld;
			sourceTree = "<group>";
		};
/* End PBXGroup section */

/* Begin PBXNativeTarget section */
		FAEFA9921F54B67C00733D06 /* destroyTheWorld */ = {
			isa = PBXNativeTarget;
			buildConfigurationList = FAEFA9A51F54B67D00733D06 /* Build configuration list for PBXNativeTarget "destroyTheWorld" */;
			buildPhases = (
				FAEFA98F1F54B67C00733D06 /* Sources */,
				FAEFA9901F54B67C00733D06 /* Frameworks */,
				FAEFA9911F54B67C00733D06 /* Resources */,
			);
			buildRules = (
			);
			dependencies = (
			);
			name = destroyTheWorld;
			productName = destroyTheWorld;
			productReference = FAEFA9931F54B67D00733D06 /* destroyTheWorld.app */;
			productType = "com.apple.product-type.application";
		};
/* End PBXNativeTarget section */

/* Begin PBXProject section */
		FAEFA98B1F54B67C00733D06 /* Project object */ = {
			isa = PBXProject;
			attributes = {
				LastSwiftUpdateCheck = 0810;
				LastUpgradeCheck = 0810;
				ORGANIZATIONNAME = "Simon Hernandez";
				TargetAttributes = {
					FAEFA9921F54B67C00733D06 = {
						CreatedOnToolsVersion = 8.1;
						DevelopmentTeam = LN4QQHS3YB;
						ProvisioningStyle = Automatic;
					};
				};
			};
			buildConfigurationList = FAEFA98E1F54B67C00733D06 /* Build configuration list for PBXProject "destroyTheWorld" */;
			compatibilityVersion = "Xcode 3.2";
			developmentRegion = English;
			hasScannedForEncodings = 0;
			knownRegions = (
				en,
				Base,
			);
			mainGroup = FAEFA98A1F54B67C00733D06;
			productRefGroup = FAEFA9941F54B67D00733D06 /* Products */;
			projectDirPath = "";
			projectRoot = "";
			targets = (
				FAEFA9921F54B67C00733D06 /* destroyTheWorld */,
			);
		};
/* End PBXProject section */

/* Begin PBXResourcesBuildPhase section */
		FAEFA9911F54B67C00733D06 /* Resources */ = {
			isa = PBXResourcesBuildPhase;
			buildActionMask = 2147483647;
			files = (
				FAEFA9A11F54B67D00733D06 /* LaunchScreen.storyboard in Resources */,
				FAEFA99E1F54B67D00733D06 /* Assets.xcassets in Resources */,
				FAEFA99C1F54B67D00733D06 /* Main.storyboard in Resources */,
			);
			runOnlyForDeploymentPostprocessing = 0;
		};
/* End PBXResourcesBuildPhase section */

/* Begin PBXSourcesBuildPhase section */
		FAEFA98F1F54B67C00733D06 /* Sources */ = {
			isa = PBXSourcesBuildPhase;
			buildActionMask = 2147483647;
			files = (
				FAEFA9991F54B67D00733D06 /* ViewController.swift in Sources */,
				FAEFA9971F54B67D00733D06 /* AppDelegate.swift in Sources */,
			);
			runOnlyForDeploymentPostprocessing = 0;
		};
/* End PBXSourcesBuildPhase section */

/* Begin PBXVariantGroup section */
		FAEFA99A1F54B67D00733D06 /* Main.storyboard */ = {
			isa = PBXVariantGroup;
			children = (
				FAEFA99B1F54B67D00733D06 /* Base */,
			);
			name = Main.storyboard;
			sourceTree = "<group>";
		};
		FAEFA99F1F54B67D00733D06 /* LaunchScreen.storyboard */ = {
			isa = PBXVariantGroup;
			children = (
				FAEFA9A01F54B67D00733D06 /* Base */,
			);
			name = LaunchScreen.storyboard;
			sourceTree = "<group>";
		};
/* End PBXVariantGroup section */

/* Begin XCBuildConfiguration section */
		FAEFA9A31F54B67D00733D06 /* Debug */ = {
			isa = XCBuildConfiguration;
			buildSettings = {
				ALWAYS_SEARCH_USER_PATHS = NO;
				CLANG_ANALYZER_NONNULL = YES;
				CLANG_CXX_LANGUAGE_STANDARD = "gnu++0x";
				CLANG_CXX_LIBRARY = "libc++";
				CLANG_ENABLE_MODULES = YES;
				CLANG_ENABLE_OBJC_ARC = YES;
				CLANG_WARN_BOOL_CONVERSION = YES;
				CLANG_WARN_CONSTANT_CONVERSION = YES;
				CLANG_WARN_DIRECT_OBJC_ISA_USAGE = YES_ERROR;
				CLANG_WARN_DOCUMENTATION_COMMENTS = YES;
				CLANG_WARN_EMPTY_BODY = YES;
				CLANG_WARN_ENUM_CONVERSION = YES;
				CLANG_WARN_INFINITE_RECURSION = YES;
				CLANG_WARN_INT_CONVERSION = YES;
				CLANG_WARN_OBJC_ROOT_CLASS = YES_ERROR;
				CLANG_WARN_SUSPICIOUS_MOVES = YES;
				CLANG_WARN_UNREACHABLE_CODE = YES;
				CLANG_WARN__DUPLICATE_METHOD_MATCH = YES;
				"CODE_SIGN_IDENTITY[sdk=iphoneos*]" = "iPhone Developer";
				COPY_PHASE_STRIP = NO;
				DEBUG_INFORMATION_FORMAT = dwarf;
				ENABLE_STRICT_OBJC_MSGSEND = YES;
				ENABLE_TESTABILITY = YES;
				GCC_C_LANGUAGE_STANDARD = gnu99;
				GCC_DYNAMIC_NO_PIC = NO;
				GCC_NO_COMMON_BLOCKS = YES;
				GCC_OPTIMIZATION_LEVEL = 0;
				GCC_PREPROCESSOR_DEFINITIONS = (
					"DEBUG=1",
					"$(inherited)",
				);
				GCC_WARN_64_TO_32_BIT_CONVERSION = YES;
				GCC_WARN_ABOUT_RETURN_TYPE = YES_ERROR;
				GCC_WARN_UNDECLARED_SELECTOR = YES;
				GCC_WARN_UNINITIALIZED_AUTOS = YES_AGGRESSIVE;
				GCC_WARN_UNUSED_FUNCTION = YES;
				GCC_WARN_UNUSED_VARIABLE = YES;
				IPHONEOS_DEPLOYMENT_TARGET = 10.1;
				MTL_ENABLE_DEBUG_INFO = YES;
				ONLY_ACTIVE_ARCH = YES;
				SDKROOT = iphoneos;
				SWIFT_ACTIVE_COMPILATION_CONDITIONS = DEBUG;
				SWIFT_OPTIMIZATION_LEVEL = "-Onone";
				TARGETED_DEVICE_FAMILY = "1,2";
			};
			name = Debug;
		};
		FAEFA9A41F54B67D00733D06 /* Release */ = {
			isa = XCBuildConfiguration;
			buildSettings = {
				ALWAYS_SEARCH_USER_PATHS = NO;
				CLANG_ANALYZER_NONNULL = YES;
				CLANG_CXX_LANGUAGE_STANDARD = "gnu++0x";
				CLANG_CXX_LIBRARY = "libc++";
				CLANG_ENABLE_MODULES = YES;
				CLANG_ENABLE_OBJC_ARC = YES;
				CLANG_WARN_BOOL_CONVERSION = YES;
				CLANG_WARN_CONSTANT_CONVERSION = YES;
				CLANG_WARN_DIRECT_OBJC_ISA_USAGE = YES_ERROR;
				CLANG_WARN_DOCUMENTATION_COMMENTS = YES;
				CLANG_WARN_EMPTY_BODY = YES;
				CLANG_WARN_ENUM_CONVERSION = YES;
				CLANG_WARN_INFINITE_RECURSION = YES;
				CLANG_WARN_INT_CONVERSION = YES;
				CLANG_WARN_OBJC_ROOT_CLASS = YES_ERROR;
				CLANG_WARN_SUSPICIOUS_MOVES = YES;
				CLANG_WARN_UNREACHABLE_CODE = YES;
				CLANG_WARN__DUPLICATE_METHOD_MATCH = YES;
				"CODE_SIGN_IDENTITY[sdk=iphoneos*]" = "iPhone Developer";
				COPY_PHASE_STRIP = NO;
				DEBUG_INFORMATION_FORMAT = "dwarf-with-dsym";
				ENABLE_NS_ASSERTIONS = NO;
				ENABLE_STRICT_OBJC_MSGSEND = YES;
				GCC_C_LANGUAGE_STANDARD = gnu99;
				GCC_NO_COMMON_BLOCKS = YES;
				GCC_WARN_64_TO_32_BIT_CONVERSION = YES;
				GCC_WARN_ABOUT_RETURN_TYPE = YES_ERROR;
				GCC_WARN_UNDECLARED_SELECTOR = YES;
				GCC_WARN_UNINITIALIZED_AUTOS = YES_AGGRESSIVE;
				GCC_WARN_UNUSED_FUNCTION = YES;
				GCC_WARN_UNUSED_VARIABLE = YES;
				IPHONEOS_DEPLOYMENT_TARGET = 10.1;
				MTL_ENABLE_DEBUG_INFO = NO;
				SDKROOT = iphoneos;
				SWIFT_OPTIMIZATION_LEVEL = "-Owholemodule";
				TARGETED_DEVICE_FAMILY = "1,2";
				VALIDATE_PRODUCT = YES;
			};
			name = Release;
		};
		FAEFA9A61F54B67D00733D06 /* Debug */ = {
			isa = XCBuildConfiguration;
			buildSettings = {
				ASSETCATALOG_COMPILER_APPICON_NAME = AppIcon;
				DEVELOPMENT_TEAM = LN4QQHS3YB;
				INFOPLIST_FILE = destroyTheWorld/Info.plist;
				LD_RUNPATH_SEARCH_PATHS = "$(inherited) @executable_path/Frameworks";
				PRODUCT_BUNDLE_IDENTIFIER = com.simonhernandez.destroyTheWorld;
				PRODUCT_NAME = "$(TARGET_NAME)";
				SWIFT_VERSION = 3.0;
			};
			name = Debug;
		};
		FAEFA9A71F54B67D00733D06 /* Release */ = {
			isa = XCBuildConfiguration;
			buildSettings = {
				ASSETCATALOG_COMPILER_APPICON_NAME = AppIcon;
				DEVELOPMENT_TEAM = LN4QQHS3YB;
				INFOPLIST_FILE = destroyTheWorld/Info.plist;
				LD_RUNPATH_SEARCH_PATHS = "$(inherited) @executable_path/Frameworks";
				PRODUCT_BUNDLE_IDENTIFIER = com.simonhernandez.destroyTheWorld;
				PRODUCT_NAME = "$(TARGET_NAME)";
				SWIFT_VERSION = 3.0;
			};
			name = Release;
		};
/* End XCBuildConfiguration section */

/* Begin XCConfigurationList section */
		FAEFA98E1F54B67C00733D06 /* Build configuration list for PBXProject "destroyTheWorld" */ = {
			isa = XCConfigurationList;
			buildConfigurations = (
				FAEFA9A31F54B67D00733D06 /* Debug */,
				FAEFA9A41F54B67D00733D06 /* Release */,
			);
			defaultConfigurationIsVisible = 0;
			defaultConfigurationName = Release;
		};
		FAEFA9A51F54B67D00733D06 /* Build configuration list for PBXNativeTarget "destroyTheWorld" */ = {
			isa = XCConfigurationList;
			buildConfigurations = (
				FAEFA9A61F54B67D00733D06 /* Debug */,
				FAEFA9A71F54B67D00733D06 /* Release */,
			);
			defaultConfigurationIsVisible = 0;
		};
/* End XCConfigurationList section */
	};
	rootObject = FAEFA98B1F54B67C00733D06 /* Project object */;
}
